<?xml version="1.0" encoding="utf-8"?>
<Project ToolsVersion="4.0" xmlns="http://schemas.microsoft.com/developer/msbuild/2003">
  <ItemGroup>
    <MASM Include="descriptor.asm"><Filter>Source Files</Filter></MASM>
  </ItemGroup>
  <ItemGroup>
    <Filter Include="Source Files">
      <UniqueIdentifier>{4FC737F1-C7A5-4376-A066-2A32D752A2FF}</UniqueIdentifier>
    </Filter>
    <Filter Include="Header Files">
      <UniqueIdentifier>{93995380-89BD-4B04-88EB-625FBE52EBFB}</UniqueIdentifier>
    </Filter>
  </ItemGroup>
  <ItemGroup>
    <ClCompile Include="compat.c"><Filter>Source Files</Filter></ClCompile>
    <ClCompile Include="cpu_snapshot.c"><Filter>Source Files</Filter></ClCompile>
    <ClCompile Include="main.c"><Filter>Source Files</Filter></ClCompile>
    <ClCompile Include="protection.c"><Filter>Source Files</Filter></ClCompile>
    <ClCompile Include="scanner.c"><Filter>Source Files</Filter></ClCompile>
    <ClCompile Include="session.c"><Filter>Source Files</Filter></ClCompile>
    <ClCompile Include="telemetry.c"><Filter>Source Files</Filter></ClCompile>
  </ItemGroup>
  <ItemGroup>
    <ClInclude Include="compat.h"><Filter>Header Files</Filter></ClInclude>
    <ClInclude Include="cpu_snapshot.h"><Filter>Header Files</Filter></ClInclude>
    <ClInclude Include="descriptor.h"><Filter>Header Files</Filter></ClInclude>
    <ClInclude Include="protection.h"><Filter>Header Files</Filter></ClInclude>
    <ClInclude Include="scanner.h"><Filter>Header Files</Filter></ClInclude>
    <ClInclude Include="session.h"><Filter>Header Files</Filter></ClInclude>
    <ClInclude Include="telemetry.h"><Filter>Header Files</Filter></ClInclude>
    <ClInclude Include="..\shared\oac_driver_policy.h"><Filter>Header Files</Filter></ClInclude>
    <ClInclude Include="..\shared\oac_protocol.h"><Filter>Header Files</Filter></ClInclude>
    <ClInclude Include="..\shared\protocol\oac_v5.h"><Filter>Header Files</Filter></ClInclude>
    <ClInclude Include="..\shared\protocol\oac_validate.h"><Filter>Header Files</Filter></ClInclude>
  </ItemGroup>
  <ItemGroup>
    <Inf Include="OAC.inf" />
  </ItemGroup>
</Project>
