<?xml version="1.0" encoding="utf-8"?>
<Project ToolsVersion="4.0" xmlns="http://schemas.microsoft.com/developer/msbuild/2003">
  <ItemGroup>
    <ClCompile Include="backend.cpp">
      <Filter>Source Files</Filter>
    </ClCompile>
    <Filter Include="Source Files">
      <UniqueIdentifier>{4fc737f1-c7a5-4376-a066-2a32d752a2ff}</UniqueIdentifier>
      <Extensions>cpp;c</Extensions>
    </Filter>
    <Filter Include="Header Files">
      <UniqueIdentifier>{93995380-89bd-4b04-88eb-625fbe52ebfb}</UniqueIdentifier>
      <Extensions>h;hpp</Extensions>
    </Filter>
    <Filter Include="Resource Files">
      <UniqueIdentifier>{67da6ab6-f800-4c08-8b7a-83bb121aad01}</UniqueIdentifier>
      <Extensions>rc</Extensions>
    </Filter>
  </ItemGroup>
  <ItemGroup>
    <ClCompile Include="main.cpp">
      <Filter>Source Files</Filter>
    </ClCompile>
    <ClCompile Include="manifest.cpp">
      <Filter>Source Files</Filter>
    </ClCompile>
    <ClCompile Include="policy.cpp">
      <Filter>Source Files</Filter>
    </ClCompile>
    <ClCompile Include="service.cpp">
      <Filter>Source Files</Filter>
    </ClCompile>
    <ClCompile Include="signed_record.cpp">
      <Filter>Source Files</Filter>
    </ClCompile>
    <ClCompile Include="target_scanner.cpp">
      <Filter>Source Files</Filter>
    </ClCompile>
    <ClCompile Include="..\shared\oac_backend.c">
      <Filter>Source Files</Filter>
    </ClCompile>
    <ClCompile Include="..\shared\oac_manifest.c">
      <Filter>Source Files</Filter>
    </ClCompile>
    <ClCompile Include="..\shared\oac_policy.c">
      <Filter>Source Files</Filter>
    </ClCompile>
    <ClCompile Include="..\shared\oac_signed_policy.c">
      <Filter>Source Files</Filter>
    </ClCompile>
  </ItemGroup>
  <ItemGroup>
    <ClInclude Include="backend.hpp">
      <Filter>Header Files</Filter>
    </ClInclude>
    <ClInclude Include="manifest.hpp">
      <Filter>Header Files</Filter>
    </ClInclude>
    <ClInclude Include="policy.hpp">
      <Filter>Header Files</Filter>
    </ClInclude>
    <ClInclude Include="service.hpp">
      <Filter>Header Files</Filter>
    </ClInclude>
    <ClInclude Include="target_scanner.hpp">
      <Filter>Header Files</Filter>
    </ClInclude>
    <ClInclude Include="signed_record.hpp">
      <Filter>Header Files</Filter>
    </ClInclude>
    <ClInclude Include="..\shared\oac_ipc.h">
      <Filter>Header Files</Filter>
    </ClInclude>
    <ClInclude Include="..\shared\oac_backend.h">
      <Filter>Header Files</Filter>
    </ClInclude>
    <ClInclude Include="..\shared\oac_lease.h">
      <Filter>Header Files</Filter>
    </ClInclude>
    <ClInclude Include="..\shared\oac_manifest.h">
      <Filter>Header Files</Filter>
    </ClInclude>
    <ClInclude Include="..\shared\oac_policy.h">
      <Filter>Header Files</Filter>
    </ClInclude>
    <ClInclude Include="..\shared\oac_signed_policy.h">
      <Filter>Header Files</Filter>
    </ClInclude>
    <ClInclude Include="..\shared\oac_thread_suspension.hpp">
      <Filter>Header Files</Filter>
    </ClInclude>
    <ClInclude Include="..\shared\oac_windows.hpp">
      <Filter>Header Files</Filter>
    </ClInclude>
    <ClInclude Include="..\shared\protocol\oac_v5.h">
      <Filter>Header Files</Filter>
    </ClInclude>
    <ClInclude Include="..\shared\protocol\oac_validate.h">
      <Filter>Header Files</Filter>
    </ClInclude>
  </ItemGroup>
  <ItemGroup>
    <ResourceCompile Include="OAC-Service.rc">
      <Filter>Resource Files</Filter>
    </ResourceCompile>
  </ItemGroup>
</Project>
